// !$*UTF8*$!
{
	archiveVersion = 1;
	classes = {
	};
	objectVersion = 46;
	objects = {

/* Begin PBXBuildFile section */
		1543DD6F1F5FC3A700E160E9 /* AppDelegate.swift in Sources */ = {isa = PBXBuildFile; fileRef = 1543DD6E1F5FC3A700E160E9 /* AppDelegate.swift */; };
		1543DD761F5FC3A700E160E9 /* Assets.xcassets in Resources */ = {isa = PBXBuildFile; fileRef = 1543DD751F5FC3A700E160E9 /* Assets.xcassets */; };
		1543DD791F5FC3A700E160E9 /* LaunchScreen.storyboard in Resources */ = {isa = PBXBuildFile; fileRef = 1543DD771F5FC3A700E160E9 /* LaunchScreen.storyboard */; };
		155C934F1F5FD1F500BA58B2 /* PlayerViewController.swift in Sources */ = {isa = PBXBuildFile; fileRef = 155C934E1F5FD1F500BA58B2 /* PlayerViewController.swift */; };
		155C93511F5FEED900BA58B2 /* PlayerView.swift in Sources */ = {isa = PBXBuildFile; fileRef = 155C93501F5FEED900BA58B2 /* PlayerView.swift */; };
		EBE9FC52A22F6419973E4342 /* Pods_AVPlayer.framework in Frameworks */ = {isa = PBXBuildFile; fileRef = 13572B7072EFFE4CC4E44107 /* Pods_AVPlayer.framework */; };
/* End PBXBuildFile section */

/* Begin PBXFileReference section */
		13572B7072EFFE4CC4E44107 /* Pods_AVPlayer.framework */ = {isa = PBXFileReference; explicitFileType = wrapper.framework; includeInIndex = 0; path = Pods_AVPlayer.framework; sourceTree = BUILT_PRODUCTS_DIR; };
		1543DD6B1F5FC3A700E160E9 /* AVPlayer.app */ = {isa = PBXFileReference; explicitFileType = wrapper.application; includeInIndex = 0; path = AVPlayer.app; sourceTree = BUILT_PRODUCTS_DIR; };
		1543DD6E1F5FC3A700E160E9 /* AppDelegate.swift */ = {isa = PBXFileReference; lastKnownFileType = sourcecode.swift; path = AppDelegate.swift; sourceTree = "<group>"; };
		1543DD751F5FC3A700E160E9 /* Assets.xcassets */ = {isa = PBXFileReference; lastKnownFileType = folder.assetcatalog; path = Assets.xcassets; sourceTree = "<group>"; };
		1543DD781F5FC3A700E160E9 /* Base */ = {isa = PBXFileReference; lastKnownFileType = file.storyboard; name = Base; path = Base.lproj/LaunchScreen.storyboard; sourceTree = "<group>"; };
		1543DD7A1F5FC3A700E160E9 /* Info.plist */ = {isa = PBXFileReference; lastKnownFileType = text.plist.xml; path = Info.plist; sourceTree = "<group>"; };
		155C934E1F5FD1F500BA58B2 /* PlayerViewController.swift */ = {isa = PBXFileReference; fileEncoding = 4; lastKnownFileType = sourcecode.swift; path = PlayerViewController.swift; sourceTree = "<group>"; };
		155C93501F5FEED900BA58B2 /* PlayerView.swift */ = {isa = PBXFileReference; fileEncoding = 4; lastKnownFileType = sourcecode.swift; path = PlayerView.swift; sourceTree = "<group>"; };
		5AD9AC21EF802A675BDC3131 /* Pods-AVPlayer.release.xcconfig */ = {isa = PBXFileReference; includeInIndex = 1; lastKnownFileType = text.xcconfig; name = "Pods-AVPlayer.release.xcconfig"; path = "Pods/Target Support Files/Pods-AVPlayer/Pods-AVPlayer.release.xcconfig"; sourceTree = "<group>"; };
		E3593670A00329463E6202FE /* Pods-AVPlayer.debug.xcconfig */ = {isa = PBXFileReference; includeInIndex = 1; lastKnownFileType = text.xcconfig; name = "Pods-AVPlayer.debug.xcconfig"; path = "Pods/Target Support Files/Pods-AVPlayer/Pods-AVPlayer.debug.xcconfig"; sourceTree = "<group>"; };
/* End PBXFileReference section */

/* Begin PBXFrameworksBuildPhase section */
		1543DD681F5FC3A700E160E9 /* Frameworks */ = {
			isa = PBXFrameworksBuildPhase;
			buildActionMask = 2147483647;
			files = (
				EBE9FC52A22F6419973E4342 /* Pods_AVPlayer.framework in Frameworks */,
			);
			runOnlyForDeploymentPostprocessing = 0;
		};
/* End PBXFrameworksBuildPhase section */

/* Begin PBXGroup section */
		1543DD621F5FC3A700E160E9 = {
			isa = PBXGroup;
			children = (
				1543DD6D1F5FC3A700E160E9 /* AVPlayer */,
				1543DD6C1F5FC3A700E160E9 /* Products */,
				C43B2CFE3743CB66301190CA /* Pods */,
				1FD0B4D59FA3275662E197CC /* Frameworks */,
			);
			sourceTree = "<group>";
		};
		1543DD6C1F5FC3A700E160E9 /* Products */ = {
			isa = PBXGroup;
			children = (
				1543DD6B1F5FC3A700E160E9 /* AVPlayer.app */,
			);
			name = Products;
			sourceTree = "<group>";
		};
		1543DD6D1F5FC3A700E160E9 /* AVPlayer */ = {
			isa = PBXGroup;
			children = (
				1543DD6E1F5FC3A700E160E9 /* AppDelegate.swift */,
				155C93501F5FEED900BA58B2 /* PlayerView.swift */,
				155C934E1F5FD1F500BA58B2 /* PlayerViewController.swift */,
				1543DD751F5FC3A700E160E9 /* Assets.xcassets */,
				1543DD771F5FC3A700E160E9 /* LaunchScreen.storyboard */,
				1543DD7A1F5FC3A700E160E9 /* Info.plist */,
			);
			path = AVPlayer;
			sourceTree = "<group>";
		};
		1FD0B4D59FA3275662E197CC /* Frameworks */ = {
			isa = PBXGroup;
			children = (
				13572B7072EFFE4CC4E44107 /* Pods_AVPlayer.framework */,
			);
			name = Frameworks;
			sourceTree = "<group>";
		};
		C43B2CFE3743CB66301190CA /* Pods */ = {
			isa = PBXGroup;
			children = (
				E3593670A00329463E6202FE /* Pods-AVPlayer.debug.xcconfig */,
				5AD9AC21EF802A675BDC3131 /* Pods-AVPlayer.release.xcconfig */,
			);
			name = Pods;
			sourceTree = "<group>";
		};
/* End PBXGroup section */

/* Begin PBXNativeTarget section */
		1543DD6A1F5FC3A700E160E9 /* AVPlayer */ = {
			isa = PBXNativeTarget;
			buildConfigurationList = 1543DD7D1F5FC3A700E160E9 /* Build configuration list for PBXNativeTarget "AVPlayer" */;
			buildPhases = (
				4CF0835B2EACB8B7C80854B6 /* [CP] Check Pods Manifest.lock */,
				1543DD671F5FC3A700E160E9 /* Sources */,
				1543DD681F5FC3A700E160E9 /* Frameworks */,
				1543DD691F5FC3A700E160E9 /* Resources */,
				159E6F731F5FC68900787B5F /* ShellScript */,
				1AF6E092CA7E2F02B4A957BE /* [CP] Embed Pods Frameworks */,
				115BCF01800B6DA294697C94 /* [CP] Copy Pods Resources */,
			);
			buildRules = (
			);
			dependencies = (
			);
			name = AVPlayer;
			productName = AVPlayer;
			productReference = 1543DD6B1F5FC3A700E160E9 /* AVPlayer.app */;
			productType = "com.apple.product-type.application";
		};
/* End PBXNativeTarget section */

/* Begin PBXProject section */
		1543DD631F5FC3A700E160E9 /* Project object */ = {
			isa = PBXProject;
			attributes = {
				LastSwiftUpdateCheck = 0830;
				LastUpgradeCheck = 0830;
				ORGANIZATIONNAME = "Francis Tseng";
				TargetAttributes = {
					1543DD6A1F5FC3A700E160E9 = {
						CreatedOnToolsVersion = 8.3.3;
						DevelopmentTeam = 78Y9MSJT25;
						ProvisioningStyle = Automatic;
					};
				};
			};
			buildConfigurationList = 1543DD661F5FC3A700E160E9 /* Build configuration list for PBXProject "AVPlayer" */;
			compatibilityVersion = "Xcode 3.2";
			developmentRegion = English;
			hasScannedForEncodings = 0;
			knownRegions = (
				en,
				Base,
			);
			mainGroup = 1543DD621F5FC3A700E160E9;
			productRefGroup = 1543DD6C1F5FC3A700E160E9 /* Products */;
			projectDirPath = "";
			projectRoot = "";
			targets = (
				1543DD6A1F5FC3A700E160E9 /* AVPlayer */,
			);
		};
/* End PBXProject section */

/* Begin PBXResourcesBuildPhase section */
		1543DD691F5FC3A700E160E9 /* Resources */ = {
			isa = PBXResourcesBuildPhase;
			buildActionMask = 2147483647;
			files = (
				1543DD791F5FC3A700E160E9 /* LaunchScreen.storyboard in Resources */,
				1543DD761F5FC3A700E160E9 /* Assets.xcassets in Resources */,
			);
			runOnlyForDeploymentPostprocessing = 0;
		};
/* End PBXResourcesBuildPhase section */

/* Begin PBXShellScriptBuildPhase section */
		115BCF01800B6DA294697C94 /* [CP] Copy Pods Resources */ = {
			isa = PBXShellScriptBuildPhase;
			buildActionMask = 2147483647;
			files = (
			);
			inputPaths = (
			);
			name = "[CP] Copy Pods Resources";
			outputPaths = (
			);
			runOnlyForDeploymentPostprocessing = 0;
			shellPath = /bin/sh;
			shellScript = "\"${SRCROOT}/Pods/Target Support Files/Pods-AVPlayer/Pods-AVPlayer-resources.sh\"\n";
			showEnvVarsInLog = 0;
		};
		159E6F731F5FC68900787B5F /* ShellScript */ = {
			isa = PBXShellScriptBuildPhase;
			buildActionMask = 2147483647;
			files = (
			);
			inputPaths = (
			);
			outputPaths = (
			);
			runOnlyForDeploymentPostprocessing = 0;
			shellPath = /bin/sh;
			shellScript = "if which swiftlint >/dev/null; then\nswiftlint\nelse\necho \"warning: SwiftLint not installed, download from https://github.com/realm/SwiftLint\"\nfi";
		};
		1AF6E092CA7E2F02B4A957BE /* [CP] Embed Pods Frameworks */ = {
			isa = PBXShellScriptBuildPhase;
			buildActionMask = 2147483647;
			files = (
			);
			inputPaths = (
			);
			name = "[CP] Embed Pods Frameworks";
			outputPaths = (
			);
			runOnlyForDeploymentPostprocessing = 0;
			shellPath = /bin/sh;
			shellScript = "\"${SRCROOT}/Pods/Target Support Files/Pods-AVPlayer/Pods-AVPlayer-frameworks.sh\"\n";
			showEnvVarsInLog = 0;
		};
		4CF0835B2EACB8B7C80854B6 /* [CP] Check Pods Manifest.lock */ = {
			isa = PBXShellScriptBuildPhase;
			buildActionMask = 2147483647;
			files = (
			);
			inputPaths = (
				"${PODS_PODFILE_DIR_PATH}/Podfile.lock",
				"${PODS_ROOT}/Manifest.lock",
			);
			name = "[CP] Check Pods Manifest.lock";
			outputPaths = (
				"$(DERIVED_FILE_DIR)/Pods-AVPlayer-checkManifestLockResult.txt",
			);
			runOnlyForDeploymentPostprocessing = 0;
			shellPath = /bin/sh;
			shellScript = "diff \"${PODS_PODFILE_DIR_PATH}/Podfile.lock\" \"${PODS_ROOT}/Manifest.lock\" > /dev/null\nif [ $? != 0 ] ; then\n    # print error to STDERR\n    echo \"error: The sandbox is not in sync with the Podfile.lock. Run 'pod install' or update your CocoaPods installation.\" >&2\n    exit 1\nfi\n# This output is used by Xcode 'outputs' to avoid re-running this script phase.\necho \"SUCCESS\" > \"${SCRIPT_OUTPUT_FILE_0}\"\n";
			showEnvVarsInLog = 0;
		};
/* End PBXShellScriptBuildPhase section */

/* Begin PBXSourcesBuildPhase section */
		1543DD671F5FC3A700E160E9 /* Sources */ = {
			isa = PBXSourcesBuildPhase;
			buildActionMask = 2147483647;
			files = (
				155C93511F5FEED900BA58B2 /* PlayerView.swift in Sources */,
				1543DD6F1F5FC3A700E160E9 /* AppDelegate.swift in Sources */,
				155C934F1F5FD1F500BA58B2 /* PlayerViewController.swift in Sources */,
			);
			runOnlyForDeploymentPostprocessing = 0;
		};
/* End PBXSourcesBuildPhase section */

/* Begin PBXVariantGroup section */
		1543DD771F5FC3A700E160E9 /* LaunchScreen.storyboard */ = {
			isa = PBXVariantGroup;
			children = (
				1543DD781F5FC3A700E160E9 /* Base */,
			);
			name = LaunchScreen.storyboard;
			sourceTree = "<group>";
		};
/* End PBXVariantGroup section */

/* Begin XCBuildConfiguration section */
		1543DD7B1F5FC3A700E160E9 /* Debug */ = {
			isa = XCBuildConfiguration;
			buildSettings = {
				ALWAYS_SEARCH_USER_PATHS = NO;
				CLANG_ANALYZER_NONNULL = YES;
				CLANG_ANALYZER_NUMBER_OBJECT_CONVERSION = YES_AGGRESSIVE;
				CLANG_CXX_LANGUAGE_STANDARD = "gnu++0x";
				CLANG_CXX_LIBRARY = "libc++";
				CLANG_ENABLE_MODULES = YES;
				CLANG_ENABLE_OBJC_ARC = YES;
				CLANG_WARN_BOOL_CONVERSION = YES;
				CLANG_WARN_CONSTANT_CONVERSION = YES;
				CLANG_WARN_DIRECT_OBJC_ISA_USAGE = YES_ERROR;
				CLANG_WARN_DOCUMENTATION_COMMENTS = YES;
				CLANG_WARN_EMPTY_BODY = YES;
				CLANG_WARN_ENUM_CONVERSION = YES;
				CLANG_WARN_INFINITE_RECURSION = YES;
				CLANG_WARN_INT_CONVERSION = YES;
				CLANG_WARN_OBJC_ROOT_CLASS = YES_ERROR;
				CLANG_WARN_SUSPICIOUS_MOVE = YES;
				CLANG_WARN_UNREACHABLE_CODE = YES;
				CLANG_WARN__DUPLICATE_METHOD_MATCH = YES;
				"CODE_SIGN_IDENTITY[sdk=iphoneos*]" = "iPhone Developer";
				COPY_PHASE_STRIP = NO;
				DEBUG_INFORMATION_FORMAT = dwarf;
				ENABLE_STRICT_OBJC_MSGSEND = YES;
				ENABLE_TESTABILITY = YES;
				GCC_C_LANGUAGE_STANDARD = gnu99;
				GCC_DYNAMIC_NO_PIC = NO;
				GCC_NO_COMMON_BLOCKS = YES;
				GCC_OPTIMIZATION_LEVEL = 0;
				GCC_PREPROCESSOR_DEFINITIONS = (
					"DEBUG=1",
					"$(inherited)",
				);
				GCC_WARN_64_TO_32_BIT_CONVERSION = YES;
				GCC_WARN_ABOUT_RETURN_TYPE = YES_ERROR;
				GCC_WARN_UNDECLARED_SELECTOR = YES;
				GCC_WARN_UNINITIALIZED_AUTOS = YES_AGGRESSIVE;
				GCC_WARN_UNUSED_FUNCTION = YES;
				GCC_WARN_UNUSED_VARIABLE = YES;
				IPHONEOS_DEPLOYMENT_TARGET = 10.3;
				MTL_ENABLE_DEBUG_INFO = YES;
				ONLY_ACTIVE_ARCH = YES;
				SDKROOT = iphoneos;
				SWIFT_ACTIVE_COMPILATION_CONDITIONS = DEBUG;
				SWIFT_OPTIMIZATION_LEVEL = "-Onone";
				TARGETED_DEVICE_FAMILY = "1,2";
			};
			name = Debug;
		};
		1543DD7C1F5FC3A700E160E9 /* Release */ = {
			isa = XCBuildConfiguration;
			buildSettings = {
				ALWAYS_SEARCH_USER_PATHS = NO;
				CLANG_ANALYZER_NONNULL = YES;
				CLANG_ANALYZER_NUMBER_OBJECT_CONVERSION = YES_AGGRESSIVE;
				CLANG_CXX_LANGUAGE_STANDARD = "gnu++0x";
				CLANG_CXX_LIBRARY = "libc++";
				CLANG_ENABLE_MODULES = YES;
				CLANG_ENABLE_OBJC_ARC = YES;
				CLANG_WARN_BOOL_CONVERSION = YES;
				CLANG_WARN_CONSTANT_CONVERSION = YES;
				CLANG_WARN_DIRECT_OBJC_ISA_USAGE = YES_ERROR;
				CLANG_WARN_DOCUMENTATION_COMMENTS = YES;
				CLANG_WARN_EMPTY_BODY = YES;
				CLANG_WARN_ENUM_CONVERSION = YES;
				CLANG_WARN_INFINITE_RECURSION = YES;
				CLANG_WARN_INT_CONVERSION = YES;
				CLANG_WARN_OBJC_ROOT_CLASS = YES_ERROR;
				CLANG_WARN_SUSPICIOUS_MOVE = YES;
				CLANG_WARN_UNREACHABLE_CODE = YES;
				CLANG_WARN__DUPLICATE_METHOD_MATCH = YES;
				"CODE_SIGN_IDENTITY[sdk=iphoneos*]" = "iPhone Developer";
				COPY_PHASE_STRIP = NO;
				DEBUG_INFORMATION_FORMAT = "dwarf-with-dsym";
				ENABLE_NS_ASSERTIONS = NO;
				ENABLE_STRICT_OBJC_MSGSEND = YES;
				GCC_C_LANGUAGE_STANDARD = gnu99;
				GCC_NO_COMMON_BLOCKS = YES;
				GCC_WARN_64_TO_32_BIT_CONVERSION = YES;
				GCC_WARN_ABOUT_RETURN_TYPE = YES_ERROR;
				GCC_WARN_UNDECLARED_SELECTOR = YES;
				GCC_WARN_UNINITIALIZED_AUTOS = YES_AGGRESSIVE;
				GCC_WARN_UNUSED_FUNCTION = YES;
				GCC_WARN_UNUSED_VARIABLE = YES;
				IPHONEOS_DEPLOYMENT_TARGET = 10.3;
				MTL_ENABLE_DEBUG_INFO = NO;
				SDKROOT = iphoneos;
				SWIFT_OPTIMIZATION_LEVEL = "-Owholemodule";
				TARGETED_DEVICE_FAMILY = "1,2";
				VALIDATE_PRODUCT = YES;
			};
			name = Release;
		};
		1543DD7E1F5FC3A700E160E9 /* Debug */ = {
			isa = XCBuildConfiguration;
			baseConfigurationReference = E3593670A00329463E6202FE /* Pods-AVPlayer.debug.xcconfig */;
			buildSettings = {
				ASSETCATALOG_COMPILER_APPICON_NAME = AppIcon;
				DEVELOPMENT_TEAM = 78Y9MSJT25;
				INFOPLIST_FILE = AVPlayer/Info.plist;
				LD_RUNPATH_SEARCH_PATHS = "$(inherited) @executable_path/Frameworks";
				PRODUCT_BUNDLE_IDENTIFIER = com.example.AVPlayer;
				PRODUCT_NAME = "$(TARGET_NAME)";
				SWIFT_VERSION = 3.0;
			};
			name = Debug;
		};
		1543DD7F1F5FC3A700E160E9 /* Release */ = {
			isa = XCBuildConfiguration;
			baseConfigurationReference = 5AD9AC21EF802A675BDC3131 /* Pods-AVPlayer.release.xcconfig */;
			buildSettings = {
				ASSETCATALOG_COMPILER_APPICON_NAME = AppIcon;
				DEVELOPMENT_TEAM = 78Y9MSJT25;
				INFOPLIST_FILE = AVPlayer/Info.plist;
				LD_RUNPATH_SEARCH_PATHS = "$(inherited) @executable_path/Frameworks";
				PRODUCT_BUNDLE_IDENTIFIER = com.example.AVPlayer;
				PRODUCT_NAME = "$(TARGET_NAME)";
				SWIFT_VERSION = 3.0;
			};
			name = Release;
		};
/* End XCBuildConfiguration section */

/* Begin XCConfigurationList section */
		1543DD661F5FC3A700E160E9 /* Build configuration list for PBXProject "AVPlayer" */ = {
			isa = XCConfigurationList;
			buildConfigurations = (
				1543DD7B1F5FC3A700E160E9 /* Debug */,
				1543DD7C1F5FC3A700E160E9 /* Release */,
			);
			defaultConfigurationIsVisible = 0;
			defaultConfigurationName = Release;
		};
		1543DD7D1F5FC3A700E160E9 /* Build configuration list for PBXNativeTarget "AVPlayer" */ = {
			isa = XCConfigurationList;
			buildConfigurations = (
				1543DD7E1F5FC3A700E160E9 /* Debug */,
				1543DD7F1F5FC3A700E160E9 /* Release */,
			);
			defaultConfigurationIsVisible = 0;
			defaultConfigurationName = Release;
		};
/* End XCConfigurationList section */
	};
	rootObject = 1543DD631F5FC3A700E160E9 /* Project object */;
}
